
Microsoft Visual Studio Solution File, Format Version 12.00
# Visual Studio Version 17
VisualStudioVersion = 17.8.34511.84
MinimumVisualStudioVersion = 10.0.40219.1
Project("{9A19103F-16F7-4668-BE54-9A1E7A4F7556}") = "CKL_Studio", "CKL_Studio.csproj", "{607C06D1-199F-4E5F-85AB-FB7310295BD0}"
EndProject
Global
	GlobalSection(SolutionConfigurationPlatforms) = preSolution
		Debug|Any CPU = Debug|Any CPU
		Release|Any CPU = Release|Any CPU
	EndGlobalSection
	GlobalSection(ProjectConfigurationPlatforms) = postSolution
		{607C06D1-199F-4E5F-85AB-FB7310295BD0}.Debug|Any CPU.ActiveCfg = Debug|Any CPU
		{607C06D1-199F-4E5F-85AB-FB7310295BD0}.Debug|Any CPU.Build.0 = Debug|Any CPU
		{607C06D1-199F-4E5F-85AB-FB7310295BD0}.Release|Any CPU.ActiveCfg = Release|Any CPU
		{607C06D1-199F-4E5F-85AB-FB7310295BD0}.Release|Any CPU.Build.0 = Release|Any CPU
	EndGlobalSection
	GlobalSection(SolutionProperties) = preSolution
		HideSolutionNode = FALSE
	EndGlobalSection
	GlobalSection(ExtensibilityGlobals) = postSolution
		SolutionGuid = {DC35B625-394C-4D62-97E4-0AEEC0643A79}
	EndGlobalSection
EndGlobal
